// !$*UTF8*$!
{
	archiveVersion = 1;
	classes = {
	};
	objectVersion = 48;
	objects = {

/* Begin PBXBuildFile section */
		31281C38200C8B5900B55239 /* GoogleService-Info.plist in Resources */ = {isa = PBXBuildFile; fileRef = 31281C37200C8B5900B55239 /* GoogleService-Info.plist */; };
		31281C3A200C939200B55239 /* FirebaseContactManager.swift in Sources */ = {isa = PBXBuildFile; fileRef = 31281C39200C939200B55239 /* FirebaseContactManager.swift */; };
		314B02BB200B84500006E12A /* AppDelegate.swift in Sources */ = {isa = PBXBuildFile; fileRef = 314B02BA200B84500006E12A /* AppDelegate.swift */; };
		314B02BD200B84500006E12A /* ViewController.swift in Sources */ = {isa = PBXBuildFile; fileRef = 314B02BC200B84500006E12A /* ViewController.swift */; };
		314B02C0200B84500006E12A /* Main.storyboard in Resources */ = {isa = PBXBuildFile; fileRef = 314B02BE200B84500006E12A /* Main.storyboard */; };
		314B02C2200B84500006E12A /* Assets.xcassets in Resources */ = {isa = PBXBuildFile; fileRef = 314B02C1200B84500006E12A /* Assets.xcassets */; };
		314B02C5200B84500006E12A /* LaunchScreen.storyboard in Resources */ = {isa = PBXBuildFile; fileRef = 314B02C3200B84500006E12A /* LaunchScreen.storyboard */; };
		314B02CF200B87650006E12A /* SearchResultCell.swift in Sources */ = {isa = PBXBuildFile; fileRef = 314B02CD200B87650006E12A /* SearchResultCell.swift */; };
		314B02D0200B87650006E12A /* SearchResultCell.xib in Resources */ = {isa = PBXBuildFile; fileRef = 314B02CE200B87650006E12A /* SearchResultCell.xib */; };
		31B04D2C200CDA9500F95952 /* SwingController.swift in Sources */ = {isa = PBXBuildFile; fileRef = 31B04D2B200CDA9500F95952 /* SwingController.swift */; };
		31B04D2E200D04B900F95952 /* SwingView.swift in Sources */ = {isa = PBXBuildFile; fileRef = 31B04D2D200D04B900F95952 /* SwingView.swift */; };
		31B04D30200DD6E900F95952 /* ReactiveMotion.swift in Sources */ = {isa = PBXBuildFile; fileRef = 31B04D2F200DD6E900F95952 /* ReactiveMotion.swift */; };
		31B04D32200DE78C00F95952 /* StringExtension.swift in Sources */ = {isa = PBXBuildFile; fileRef = 31B04D31200DE78C00F95952 /* StringExtension.swift */; };
		58727A9F200FE25A00A4B725 /* AWSContactManager.swift in Sources */ = {isa = PBXBuildFile; fileRef = 58727A9E200FE25A00A4B725 /* AWSContactManager.swift */; };
		58727AA4200FFD4A00A4B725 /* Contact.swift in Sources */ = {isa = PBXBuildFile; fileRef = 58727AA3200FFD4A00A4B725 /* Contact.swift */; };
		58727AA820100EE700A4B725 /* awsconfiguration.json in Resources */ = {isa = PBXBuildFile; fileRef = 58727AA720100EE700A4B725 /* awsconfiguration.json */; };
		5C7A324C155B26C278DCE7CB /* Pods_Heisenberg.framework in Frameworks */ = {isa = PBXBuildFile; fileRef = 469368440AEFA2F4FA941707 /* Pods_Heisenberg.framework */; };
/* End PBXBuildFile section */

/* Begin PBXFileReference section */
		1B8DC8518C8DCAF35570A816 /* Pods-Heisenberg.debug.xcconfig */ = {isa = PBXFileReference; includeInIndex = 1; lastKnownFileType = text.xcconfig; name = "Pods-Heisenberg.debug.xcconfig"; path = "Pods/Target Support Files/Pods-Heisenberg/Pods-Heisenberg.debug.xcconfig"; sourceTree = "<group>"; };
		31281C37200C8B5900B55239 /* GoogleService-Info.plist */ = {isa = PBXFileReference; fileEncoding = 4; lastKnownFileType = text.plist.xml; path = "GoogleService-Info.plist"; sourceTree = "<group>"; };
		31281C39200C939200B55239 /* FirebaseContactManager.swift */ = {isa = PBXFileReference; lastKnownFileType = sourcecode.swift; path = FirebaseContactManager.swift; sourceTree = "<group>"; };
		314B02B7200B84500006E12A /* Heisenberg.app */ = {isa = PBXFileReference; explicitFileType = wrapper.application; includeInIndex = 0; path = Heisenberg.app; sourceTree = BUILT_PRODUCTS_DIR; };
		314B02BA200B84500006E12A /* AppDelegate.swift */ = {isa = PBXFileReference; lastKnownFileType = sourcecode.swift; path = AppDelegate.swift; sourceTree = "<group>"; };
		314B02BC200B84500006E12A /* ViewController.swift */ = {isa = PBXFileReference; lastKnownFileType = sourcecode.swift; path = ViewController.swift; sourceTree = "<group>"; };
		314B02BF200B84500006E12A /* Base */ = {isa = PBXFileReference; lastKnownFileType = file.storyboard; name = Base; path = Base.lproj/Main.storyboard; sourceTree = "<group>"; };
		314B02C1200B84500006E12A /* Assets.xcassets */ = {isa = PBXFileReference; lastKnownFileType = folder.assetcatalog; path = Assets.xcassets; sourceTree = "<group>"; };
		314B02C4200B84500006E12A /* Base */ = {isa = PBXFileReference; lastKnownFileType = file.storyboard; name = Base; path = Base.lproj/LaunchScreen.storyboard; sourceTree = "<group>"; };
		314B02C6200B84500006E12A /* Info.plist */ = {isa = PBXFileReference; lastKnownFileType = text.plist.xml; path = Info.plist; sourceTree = "<group>"; };
		314B02CD200B87650006E12A /* SearchResultCell.swift */ = {isa = PBXFileReference; lastKnownFileType = sourcecode.swift; path = SearchResultCell.swift; sourceTree = "<group>"; };
		314B02CE200B87650006E12A /* SearchResultCell.xib */ = {isa = PBXFileReference; lastKnownFileType = file.xib; path = SearchResultCell.xib; sourceTree = "<group>"; };
		31B04D2B200CDA9500F95952 /* SwingController.swift */ = {isa = PBXFileReference; lastKnownFileType = sourcecode.swift; path = SwingController.swift; sourceTree = "<group>"; };
		31B04D2D200D04B900F95952 /* SwingView.swift */ = {isa = PBXFileReference; lastKnownFileType = sourcecode.swift; path = SwingView.swift; sourceTree = "<group>"; };
		31B04D2F200DD6E900F95952 /* ReactiveMotion.swift */ = {isa = PBXFileReference; lastKnownFileType = sourcecode.swift; path = ReactiveMotion.swift; sourceTree = "<group>"; };
		31B04D31200DE78C00F95952 /* StringExtension.swift */ = {isa = PBXFileReference; lastKnownFileType = sourcecode.swift; path = StringExtension.swift; sourceTree = "<group>"; };
		469368440AEFA2F4FA941707 /* Pods_Heisenberg.framework */ = {isa = PBXFileReference; explicitFileType = wrapper.framework; includeInIndex = 0; path = Pods_Heisenberg.framework; sourceTree = BUILT_PRODUCTS_DIR; };
		58727A9E200FE25A00A4B725 /* AWSContactManager.swift */ = {isa = PBXFileReference; lastKnownFileType = sourcecode.swift; path = AWSContactManager.swift; sourceTree = "<group>"; };
		58727AA3200FFD4A00A4B725 /* Contact.swift */ = {isa = PBXFileReference; fileEncoding = 4; lastKnownFileType = sourcecode.swift; path = Contact.swift; sourceTree = "<group>"; };
		58727AA720100EE700A4B725 /* awsconfiguration.json */ = {isa = PBXFileReference; fileEncoding = 4; lastKnownFileType = text.json; path = awsconfiguration.json; sourceTree = "<group>"; };
		59790255D2EF0D10B7653C57 /* Pods-Heisenberg.release.xcconfig */ = {isa = PBXFileReference; includeInIndex = 1; lastKnownFileType = text.xcconfig; name = "Pods-Heisenberg.release.xcconfig"; path = "Pods/Target Support Files/Pods-Heisenberg/Pods-Heisenberg.release.xcconfig"; sourceTree = "<group>"; };
/* End PBXFileReference section */

/* Begin PBXFrameworksBuildPhase section */
		314B02B4200B84500006E12A /* Frameworks */ = {
			isa = PBXFrameworksBuildPhase;
			buildActionMask = 2147483647;
			files = (
				5C7A324C155B26C278DCE7CB /* Pods_Heisenberg.framework in Frameworks */,
			);
			runOnlyForDeploymentPostprocessing = 0;
		};
/* End PBXFrameworksBuildPhase section */

/* Begin PBXGroup section */
		13A1B42DFE2B62AE932127C6 /* Frameworks */ = {
			isa = PBXGroup;
			children = (
				469368440AEFA2F4FA941707 /* Pods_Heisenberg.framework */,
			);
			name = Frameworks;
			sourceTree = "<group>";
		};
		314B02AE200B84500006E12A = {
			isa = PBXGroup;
			children = (
				314B02B9200B84500006E12A /* Heisenberg */,
				314B02B8200B84500006E12A /* Products */,
				4E5428B036584857E375CA52 /* Pods */,
				13A1B42DFE2B62AE932127C6 /* Frameworks */,
			);
			sourceTree = "<group>";
		};
		314B02B8200B84500006E12A /* Products */ = {
			isa = PBXGroup;
			children = (
				314B02B7200B84500006E12A /* Heisenberg.app */,
			);
			name = Products;
			sourceTree = "<group>";
		};
		314B02B9200B84500006E12A /* Heisenberg */ = {
			isa = PBXGroup;
			children = (
				58727AA720100EE700A4B725 /* awsconfiguration.json */,
				58727AA0200FFD4A00A4B725 /* AmazonAws */,
				31B04D2B200CDA9500F95952 /* SwingController.swift */,
				31B04D2F200DD6E900F95952 /* ReactiveMotion.swift */,
				314B02CC200B874F0006E12A /* Search */,
				314B02BA200B84500006E12A /* AppDelegate.swift */,
				314B02BC200B84500006E12A /* ViewController.swift */,
				314B02BE200B84500006E12A /* Main.storyboard */,
				314B02C1200B84500006E12A /* Assets.xcassets */,
				314B02C3200B84500006E12A /* LaunchScreen.storyboard */,
				314B02C6200B84500006E12A /* Info.plist */,
				31281C37200C8B5900B55239 /* GoogleService-Info.plist */,
				31B04D2D200D04B900F95952 /* SwingView.swift */,
				31B04D31200DE78C00F95952 /* StringExtension.swift */,
			);
			path = Heisenberg;
			sourceTree = "<group>";
		};
		314B02CC200B874F0006E12A /* Search */ = {
			isa = PBXGroup;
			children = (
				314B02CD200B87650006E12A /* SearchResultCell.swift */,
				314B02CE200B87650006E12A /* SearchResultCell.xib */,
				31281C39200C939200B55239 /* FirebaseContactManager.swift */,
				58727A9E200FE25A00A4B725 /* AWSContactManager.swift */,
			);
			path = Search;
			sourceTree = "<group>";
		};
		4E5428B036584857E375CA52 /* Pods */ = {
			isa = PBXGroup;
			children = (
				1B8DC8518C8DCAF35570A816 /* Pods-Heisenberg.debug.xcconfig */,
				59790255D2EF0D10B7653C57 /* Pods-Heisenberg.release.xcconfig */,
			);
			name = Pods;
			sourceTree = "<group>";
		};
		58727AA0200FFD4A00A4B725 /* AmazonAws */ = {
			isa = PBXGroup;
			children = (
				58727AA1200FFD4A00A4B725 /* Models */,
			);
			path = AmazonAws;
			sourceTree = "<group>";
		};
		58727AA1200FFD4A00A4B725 /* Models */ = {
			isa = PBXGroup;
			children = (
				58727AA2200FFD4A00A4B725 /* NoSQL */,
			);
			path = Models;
			sourceTree = "<group>";
		};
		58727AA2200FFD4A00A4B725 /* NoSQL */ = {
			isa = PBXGroup;
			children = (
				58727AA3200FFD4A00A4B725 /* Contact.swift */,
			);
			path = NoSQL;
			sourceTree = "<group>";
		};
/* End PBXGroup section */

/* Begin PBXNativeTarget section */
		314B02B6200B84500006E12A /* Heisenberg */ = {
			isa = PBXNativeTarget;
			buildConfigurationList = 314B02C9200B84500006E12A /* Build configuration list for PBXNativeTarget "Heisenberg" */;
			buildPhases = (
				07E92CE1C99993D380D34619 /* [CP] Check Pods Manifest.lock */,
				314B02B3200B84500006E12A /* Sources */,
				314B02B4200B84500006E12A /* Frameworks */,
				314B02B5200B84500006E12A /* Resources */,
				CE60C4F5CA7C844992EEC252 /* [CP] Embed Pods Frameworks */,
				B2789B2C85D2308DFA160A3A /* [CP] Copy Pods Resources */,
			);
			buildRules = (
			);
			dependencies = (
			);
			name = Heisenberg;
			productName = Heisenberg;
			productReference = 314B02B7200B84500006E12A /* Heisenberg.app */;
			productType = "com.apple.product-type.application";
		};
/* End PBXNativeTarget section */

/* Begin PBXProject section */
		314B02AF200B84500006E12A /* Project object */ = {
			isa = PBXProject;
			attributes = {
				LastSwiftUpdateCheck = 0920;
				LastUpgradeCheck = 0920;
				ORGANIZATIONNAME = Shameek;
				TargetAttributes = {
					314B02B6200B84500006E12A = {
						CreatedOnToolsVersion = 9.2;
						ProvisioningStyle = Automatic;
					};
				};
			};
			buildConfigurationList = 314B02B2200B84500006E12A /* Build configuration list for PBXProject "Heisenberg" */;
			compatibilityVersion = "Xcode 8.0";
			developmentRegion = en;
			hasScannedForEncodings = 0;
			knownRegions = (
				en,
				Base,
			);
			mainGroup = 314B02AE200B84500006E12A;
			productRefGroup = 314B02B8200B84500006E12A /* Products */;
			projectDirPath = "";
			projectRoot = "";
			targets = (
				314B02B6200B84500006E12A /* Heisenberg */,
			);
		};
/* End PBXProject section */

/* Begin PBXResourcesBuildPhase section */
		314B02B5200B84500006E12A /* Resources */ = {
			isa = PBXResourcesBuildPhase;
			buildActionMask = 2147483647;
			files = (
				314B02C5200B84500006E12A /* LaunchScreen.storyboard in Resources */,
				314B02C2200B84500006E12A /* Assets.xcassets in Resources */,
				58727AA820100EE700A4B725 /* awsconfiguration.json in Resources */,
				31281C38200C8B5900B55239 /* GoogleService-Info.plist in Resources */,
				314B02D0200B87650006E12A /* SearchResultCell.xib in Resources */,
				314B02C0200B84500006E12A /* Main.storyboard in Resources */,
			);
			runOnlyForDeploymentPostprocessing = 0;
		};
/* End PBXResourcesBuildPhase section */

/* Begin PBXShellScriptBuildPhase section */
		07E92CE1C99993D380D34619 /* [CP] Check Pods Manifest.lock */ = {
			isa = PBXShellScriptBuildPhase;
			buildActionMask = 2147483647;
			files = (
			);
			inputPaths = (
				"${PODS_PODFILE_DIR_PATH}/Podfile.lock",
				"${PODS_ROOT}/Manifest.lock",
			);
			name = "[CP] Check Pods Manifest.lock";
			outputPaths = (
				"$(DERIVED_FILE_DIR)/Pods-Heisenberg-checkManifestLockResult.txt",
			);
			runOnlyForDeploymentPostprocessing = 0;
			shellPath = /bin/sh;
			shellScript = "diff \"${PODS_ROOT}/../Podfile.lock\" \"${PODS_ROOT}/Manifest.lock\" > /dev/null\nif [ $? != 0 ] ; then\n    # print error to STDERR\n    echo \"error: The sandbox is not in sync with the Podfile.lock. Run 'pod install' or update your CocoaPods installation.\" >&2\n    exit 1\nfi\n";
			showEnvVarsInLog = 0;
		};
		B2789B2C85D2308DFA160A3A /* [CP] Copy Pods Resources */ = {
			isa = PBXShellScriptBuildPhase;
			buildActionMask = 2147483647;
			files = (
			);
			inputPaths = (
			);
			name = "[CP] Copy Pods Resources";
			outputPaths = (
			);
			runOnlyForDeploymentPostprocessing = 0;
			shellPath = /bin/sh;
			shellScript = "\"${SRCROOT}/Pods/Target Support Files/Pods-Heisenberg/Pods-Heisenberg-resources.sh\"\n";
			showEnvVarsInLog = 0;
		};
		CE60C4F5CA7C844992EEC252 /* [CP] Embed Pods Frameworks */ = {
			isa = PBXShellScriptBuildPhase;
			buildActionMask = 2147483647;
			files = (
			);
			inputPaths = (
				"${SRCROOT}/Pods/Target Support Files/Pods-Heisenberg/Pods-Heisenberg-frameworks.sh",
				"${BUILT_PRODUCTS_DIR}/GoogleToolboxForMac/GoogleToolboxForMac.framework",
				"${BUILT_PRODUCTS_DIR}/RxCocoa/RxCocoa.framework",
				"${BUILT_PRODUCTS_DIR}/RxSwift/RxSwift.framework",
				"${BUILT_PRODUCTS_DIR}/leveldb-library/leveldb.framework",
				"${BUILT_PRODUCTS_DIR}/nanopb/nanopb.framework",
			);
			name = "[CP] Embed Pods Frameworks";
			outputPaths = (
				"${TARGET_BUILD_DIR}/${FRAMEWORKS_FOLDER_PATH}/GoogleToolboxForMac.framework",
				"${TARGET_BUILD_DIR}/${FRAMEWORKS_FOLDER_PATH}/RxCocoa.framework",
				"${TARGET_BUILD_DIR}/${FRAMEWORKS_FOLDER_PATH}/RxSwift.framework",
				"${TARGET_BUILD_DIR}/${FRAMEWORKS_FOLDER_PATH}/leveldb.framework",
				"${TARGET_BUILD_DIR}/${FRAMEWORKS_FOLDER_PATH}/nanopb.framework",
			);
			runOnlyForDeploymentPostprocessing = 0;
			shellPath = /bin/sh;
			shellScript = "\"${SRCROOT}/Pods/Target Support Files/Pods-Heisenberg/Pods-Heisenberg-frameworks.sh\"\n";
			showEnvVarsInLog = 0;
		};
/* End PBXShellScriptBuildPhase section */

/* Begin PBXSourcesBuildPhase section */
		314B02B3200B84500006E12A /* Sources */ = {
			isa = PBXSourcesBuildPhase;
			buildActionMask = 2147483647;
			files = (
				314B02BD200B84500006E12A /* ViewController.swift in Sources */,
				314B02CF200B87650006E12A /* SearchResultCell.swift in Sources */,
				58727AA4200FFD4A00A4B725 /* Contact.swift in Sources */,
				58727A9F200FE25A00A4B725 /* AWSContactManager.swift in Sources */,
				314B02BB200B84500006E12A /* AppDelegate.swift in Sources */,
				31B04D30200DD6E900F95952 /* ReactiveMotion.swift in Sources */,
				31B04D32200DE78C00F95952 /* StringExtension.swift in Sources */,
				31B04D2E200D04B900F95952 /* SwingView.swift in Sources */,
				31B04D2C200CDA9500F95952 /* SwingController.swift in Sources */,
				31281C3A200C939200B55239 /* FirebaseContactManager.swift in Sources */,
			);
			runOnlyForDeploymentPostprocessing = 0;
		};
/* End PBXSourcesBuildPhase section */

/* Begin PBXVariantGroup section */
		314B02BE200B84500006E12A /* Main.storyboard */ = {
			isa = PBXVariantGroup;
			children = (
				314B02BF200B84500006E12A /* Base */,
			);
			name = Main.storyboard;
			sourceTree = "<group>";
		};
		314B02C3200B84500006E12A /* LaunchScreen.storyboard */ = {
			isa = PBXVariantGroup;
			children = (
				314B02C4200B84500006E12A /* Base */,
			);
			name = LaunchScreen.storyboard;
			sourceTree = "<group>";
		};
/* End PBXVariantGroup section */

/* Begin XCBuildConfiguration section */
		314B02C7200B84500006E12A /* Debug */ = {
			isa = XCBuildConfiguration;
			buildSettings = {
				ALWAYS_SEARCH_USER_PATHS = NO;
				CLANG_ANALYZER_NONNULL = YES;
				CLANG_ANALYZER_NUMBER_OBJECT_CONVERSION = YES_AGGRESSIVE;
				CLANG_CXX_LANGUAGE_STANDARD = "gnu++14";
				CLANG_CXX_LIBRARY = "libc++";
				CLANG_ENABLE_MODULES = YES;
				CLANG_ENABLE_OBJC_ARC = YES;
				CLANG_WARN_BLOCK_CAPTURE_AUTORELEASING = YES;
				CLANG_WARN_BOOL_CONVERSION = YES;
				CLANG_WARN_COMMA = YES;
				CLANG_WARN_CONSTANT_CONVERSION = YES;
				CLANG_WARN_DIRECT_OBJC_ISA_USAGE = YES_ERROR;
				CLANG_WARN_DOCUMENTATION_COMMENTS = YES;
				CLANG_WARN_EMPTY_BODY = YES;
				CLANG_WARN_ENUM_CONVERSION = YES;
				CLANG_WARN_INFINITE_RECURSION = YES;
				CLANG_WARN_INT_CONVERSION = YES;
				CLANG_WARN_NON_LITERAL_NULL_CONVERSION = YES;
				CLANG_WARN_OBJC_LITERAL_CONVERSION = YES;
				CLANG_WARN_OBJC_ROOT_CLASS = YES_ERROR;
				CLANG_WARN_RANGE_LOOP_ANALYSIS = YES;
				CLANG_WARN_STRICT_PROTOTYPES = YES;
				CLANG_WARN_SUSPICIOUS_MOVE = YES;
				CLANG_WARN_UNGUARDED_AVAILABILITY = YES_AGGRESSIVE;
				CLANG_WARN_UNREACHABLE_CODE = YES;
				CLANG_WARN__DUPLICATE_METHOD_MATCH = YES;
				CODE_SIGN_IDENTITY = "iPhone Developer";
				COPY_PHASE_STRIP = NO;
				DEBUG_INFORMATION_FORMAT = dwarf;
				ENABLE_STRICT_OBJC_MSGSEND = YES;
				ENABLE_TESTABILITY = YES;
				GCC_C_LANGUAGE_STANDARD = gnu11;
				GCC_DYNAMIC_NO_PIC = NO;
				GCC_NO_COMMON_BLOCKS = YES;
				GCC_OPTIMIZATION_LEVEL = 0;
				GCC_PREPROCESSOR_DEFINITIONS = (
					"DEBUG=1",
					"$(inherited)",
				);
				GCC_WARN_64_TO_32_BIT_CONVERSION = YES;
				GCC_WARN_ABOUT_RETURN_TYPE = YES_ERROR;
				GCC_WARN_UNDECLARED_SELECTOR = YES;
				GCC_WARN_UNINITIALIZED_AUTOS = YES_AGGRESSIVE;
				GCC_WARN_UNUSED_FUNCTION = YES;
				GCC_WARN_UNUSED_VARIABLE = YES;
				IPHONEOS_DEPLOYMENT_TARGET = 11.2;
				MTL_ENABLE_DEBUG_INFO = YES;
				ONLY_ACTIVE_ARCH = YES;
				SDKROOT = iphoneos;
				SWIFT_ACTIVE_COMPILATION_CONDITIONS = DEBUG;
				SWIFT_OPTIMIZATION_LEVEL = "-Onone";
			};
			name = Debug;
		};
		314B02C8200B84500006E12A /* Release */ = {
			isa = XCBuildConfiguration;
			buildSettings = {
				ALWAYS_SEARCH_USER_PATHS = NO;
				CLANG_ANALYZER_NONNULL = YES;
				CLANG_ANALYZER_NUMBER_OBJECT_CONVERSION = YES_AGGRESSIVE;
				CLANG_CXX_LANGUAGE_STANDARD = "gnu++14";
				CLANG_CXX_LIBRARY = "libc++";
				CLANG_ENABLE_MODULES = YES;
				CLANG_ENABLE_OBJC_ARC = YES;
				CLANG_WARN_BLOCK_CAPTURE_AUTORELEASING = YES;
				CLANG_WARN_BOOL_CONVERSION = YES;
				CLANG_WARN_COMMA = YES;
				CLANG_WARN_CONSTANT_CONVERSION = YES;
				CLANG_WARN_DIRECT_OBJC_ISA_USAGE = YES_ERROR;
				CLANG_WARN_DOCUMENTATION_COMMENTS = YES;
				CLANG_WARN_EMPTY_BODY = YES;
				CLANG_WARN_ENUM_CONVERSION = YES;
				CLANG_WARN_INFINITE_RECURSION = YES;
				CLANG_WARN_INT_CONVERSION = YES;
				CLANG_WARN_NON_LITERAL_NULL_CONVERSION = YES;
				CLANG_WARN_OBJC_LITERAL_CONVERSION = YES;
				CLANG_WARN_OBJC_ROOT_CLASS = YES_ERROR;
				CLANG_WARN_RANGE_LOOP_ANALYSIS = YES;
				CLANG_WARN_STRICT_PROTOTYPES = YES;
				CLANG_WARN_SUSPICIOUS_MOVE = YES;
				CLANG_WARN_UNGUARDED_AVAILABILITY = YES_AGGRESSIVE;
				CLANG_WARN_UNREACHABLE_CODE = YES;
				CLANG_WARN__DUPLICATE_METHOD_MATCH = YES;
				CODE_SIGN_IDENTITY = "iPhone Developer";
				COPY_PHASE_STRIP = NO;
				DEBUG_INFORMATION_FORMAT = "dwarf-with-dsym";
				ENABLE_NS_ASSERTIONS = NO;
				ENABLE_STRICT_OBJC_MSGSEND = YES;
				GCC_C_LANGUAGE_STANDARD = gnu11;
				GCC_NO_COMMON_BLOCKS = YES;
				GCC_WARN_64_TO_32_BIT_CONVERSION = YES;
				GCC_WARN_ABOUT_RETURN_TYPE = YES_ERROR;
				GCC_WARN_UNDECLARED_SELECTOR = YES;
				GCC_WARN_UNINITIALIZED_AUTOS = YES_AGGRESSIVE;
				GCC_WARN_UNUSED_FUNCTION = YES;
				GCC_WARN_UNUSED_VARIABLE = YES;
				IPHONEOS_DEPLOYMENT_TARGET = 11.2;
				MTL_ENABLE_DEBUG_INFO = NO;
				SDKROOT = iphoneos;
				SWIFT_OPTIMIZATION_LEVEL = "-Owholemodule";
				VALIDATE_PRODUCT = YES;
			};
			name = Release;
		};
		314B02CA200B84500006E12A /* Debug */ = {
			isa = XCBuildConfiguration;
			baseConfigurationReference = 1B8DC8518C8DCAF35570A816 /* Pods-Heisenberg.debug.xcconfig */;
			buildSettings = {
				ASSETCATALOG_COMPILER_APPICON_NAME = AppIcon;
				CODE_SIGN_STYLE = Automatic;
				DEVELOPMENT_TEAM = B36FU73BET;
				INFOPLIST_FILE = Heisenberg/Info.plist;
				LD_RUNPATH_SEARCH_PATHS = "$(inherited) @executable_path/Frameworks";
				PRODUCT_BUNDLE_IDENTIFIER = shameek.Heisenberg;
				PRODUCT_NAME = "$(TARGET_NAME)";
				SWIFT_VERSION = 4.0;
				TARGETED_DEVICE_FAMILY = "1,2";
			};
			name = Debug;
		};
		314B02CB200B84500006E12A /* Release */ = {
			isa = XCBuildConfiguration;
			baseConfigurationReference = 59790255D2EF0D10B7653C57 /* Pods-Heisenberg.release.xcconfig */;
			buildSettings = {
				ASSETCATALOG_COMPILER_APPICON_NAME = AppIcon;
				CODE_SIGN_STYLE = Automatic;
				DEVELOPMENT_TEAM = B36FU73BET;
				INFOPLIST_FILE = Heisenberg/Info.plist;
				LD_RUNPATH_SEARCH_PATHS = "$(inherited) @executable_path/Frameworks";
				PRODUCT_BUNDLE_IDENTIFIER = shameek.Heisenberg;
				PRODUCT_NAME = "$(TARGET_NAME)";
				SWIFT_VERSION = 4.0;
				TARGETED_DEVICE_FAMILY = "1,2";
			};
			name = Release;
		};
/* End XCBuildConfiguration section */

/* Begin XCConfigurationList section */
		314B02B2200B84500006E12A /* Build configuration list for PBXProject "Heisenberg" */ = {
			isa = XCConfigurationList;
			buildConfigurations = (
				314B02C7200B84500006E12A /* Debug */,
				314B02C8200B84500006E12A /* Release */,
			);
			defaultConfigurationIsVisible = 0;
			defaultConfigurationName = Release;
		};
		314B02C9200B84500006E12A /* Build configuration list for PBXNativeTarget "Heisenberg" */ = {
			isa = XCConfigurationList;
			buildConfigurations = (
				314B02CA200B84500006E12A /* Debug */,
				314B02CB200B84500006E12A /* Release */,
			);
			defaultConfigurationIsVisible = 0;
			defaultConfigurationName = Release;
		};
/* End XCConfigurationList section */
	};
	rootObject = 314B02AF200B84500006E12A /* Project object */;
}
